// !$*UTF8*$!
{
	archiveVersion = 1;
	classes = {
	};
	objectVersion = 51;
	objects = {

/* Begin PBXBuildFile section */
		AD04DFD523E0AA1B0011471D /* AppDelegate.swift in Sources */ = {isa = PBXBuildFile; fileRef = AD04DFD423E0AA1B0011471D /* AppDelegate.swift */; };
		AD04DFDA23E0AA1B0011471D /* Main.storyboard in Resources */ = {isa = PBXBuildFile; fileRef = AD04DFD823E0AA1B0011471D /* Main.storyboard */; };
		AD04DFDC23E0AA1C0011471D /* Assets.xcassets in Resources */ = {isa = PBXBuildFile; fileRef = AD04DFDB23E0AA1C0011471D /* Assets.xcassets */; };
		AD04DFDF23E0AA1C0011471D /* LaunchScreen.storyboard in Resources */ = {isa = PBXBuildFile; fileRef = AD04DFDD23E0AA1C0011471D /* LaunchScreen.storyboard */; };
		AD04DFEB23E0B2B80011471D /* LoginViewController.swift in Sources */ = {isa = PBXBuildFile; fileRef = AD04DFEA23E0B2B80011471D /* LoginViewController.swift */; };
		AD04DFEF23E0D3130011471D /* ProfileViewController.swift in Sources */ = {isa = PBXBuildFile; fileRef = AD04DFEE23E0D3120011471D /* ProfileViewController.swift */; };
		AD04DFF123E0D3380011471D /* NewsViewController.swift in Sources */ = {isa = PBXBuildFile; fileRef = AD04DFF023E0D3380011471D /* NewsViewController.swift */; };
		AD04DFF323E1F74F0011471D /* TabBarController.swift in Sources */ = {isa = PBXBuildFile; fileRef = AD04DFF223E1F74F0011471D /* TabBarController.swift */; };
		AD04DFF523E2191C0011471D /* Article.swift in Sources */ = {isa = PBXBuildFile; fileRef = AD04DFF423E2191C0011471D /* Article.swift */; };
		AD04DFF723E21D860011471D /* DataProvider.swift in Sources */ = {isa = PBXBuildFile; fileRef = AD04DFF623E21D860011471D /* DataProvider.swift */; };
		CB936461666AA70B0FEB7034 /* Pods_VKApp.framework in Frameworks */ = {isa = PBXBuildFile; fileRef = 15D461524CDF0C1FAF6D6AA3 /* Pods_VKApp.framework */; };
/* End PBXBuildFile section */

/* Begin PBXFileReference section */
		15D461524CDF0C1FAF6D6AA3 /* Pods_VKApp.framework */ = {isa = PBXFileReference; explicitFileType = wrapper.framework; includeInIndex = 0; path = Pods_VKApp.framework; sourceTree = BUILT_PRODUCTS_DIR; };
		3C783434F22B162C03932DEE /* Pods-VKApp.debug.xcconfig */ = {isa = PBXFileReference; includeInIndex = 1; lastKnownFileType = text.xcconfig; name = "Pods-VKApp.debug.xcconfig"; path = "Target Support Files/Pods-VKApp/Pods-VKApp.debug.xcconfig"; sourceTree = "<group>"; };
		833DAFA2EEB67C3B660D2443 /* Pods-VKApp.release.xcconfig */ = {isa = PBXFileReference; includeInIndex = 1; lastKnownFileType = text.xcconfig; name = "Pods-VKApp.release.xcconfig"; path = "Target Support Files/Pods-VKApp/Pods-VKApp.release.xcconfig"; sourceTree = "<group>"; };
		AD04DFD123E0AA1B0011471D /* VKApp.app */ = {isa = PBXFileReference; explicitFileType = wrapper.application; includeInIndex = 0; path = VKApp.app; sourceTree = BUILT_PRODUCTS_DIR; };
		AD04DFD423E0AA1B0011471D /* AppDelegate.swift */ = {isa = PBXFileReference; lastKnownFileType = sourcecode.swift; path = AppDelegate.swift; sourceTree = "<group>"; };
		AD04DFD923E0AA1B0011471D /* Base */ = {isa = PBXFileReference; lastKnownFileType = file.storyboard; name = Base; path = Base.lproj/Main.storyboard; sourceTree = "<group>"; };
		AD04DFDB23E0AA1C0011471D /* Assets.xcassets */ = {isa = PBXFileReference; lastKnownFileType = folder.assetcatalog; path = Assets.xcassets; sourceTree = "<group>"; };
		AD04DFDE23E0AA1C0011471D /* Base */ = {isa = PBXFileReference; lastKnownFileType = file.storyboard; name = Base; path = Base.lproj/LaunchScreen.storyboard; sourceTree = "<group>"; };
		AD04DFE023E0AA1C0011471D /* Info.plist */ = {isa = PBXFileReference; lastKnownFileType = text.plist.xml; path = Info.plist; sourceTree = "<group>"; };
		AD04DFEA23E0B2B80011471D /* LoginViewController.swift */ = {isa = PBXFileReference; lastKnownFileType = sourcecode.swift; path = LoginViewController.swift; sourceTree = "<group>"; };
		AD04DFEE23E0D3120011471D /* ProfileViewController.swift */ = {isa = PBXFileReference; lastKnownFileType = sourcecode.swift; path = ProfileViewController.swift; sourceTree = "<group>"; };
		AD04DFF023E0D3380011471D /* NewsViewController.swift */ = {isa = PBXFileReference; lastKnownFileType = sourcecode.swift; path = NewsViewController.swift; sourceTree = "<group>"; };
		AD04DFF223E1F74F0011471D /* TabBarController.swift */ = {isa = PBXFileReference; lastKnownFileType = sourcecode.swift; path = TabBarController.swift; sourceTree = "<group>"; };
		AD04DFF423E2191C0011471D /* Article.swift */ = {isa = PBXFileReference; lastKnownFileType = sourcecode.swift; path = Article.swift; sourceTree = "<group>"; };
		AD04DFF623E21D860011471D /* DataProvider.swift */ = {isa = PBXFileReference; lastKnownFileType = sourcecode.swift; path = DataProvider.swift; sourceTree = "<group>"; };
/* End PBXFileReference section */

/* Begin PBXFrameworksBuildPhase section */
		AD04DFCE23E0AA1B0011471D /* Frameworks */ = {
			isa = PBXFrameworksBuildPhase;
			buildActionMask = 2147483647;
			files = (
				CB936461666AA70B0FEB7034 /* Pods_VKApp.framework in Frameworks */,
			);
			runOnlyForDeploymentPostprocessing = 0;
		};
/* End PBXFrameworksBuildPhase section */

/* Begin PBXGroup section */
		3CE9A0679985424B35447359 /* Pods */ = {
			isa = PBXGroup;
			children = (
				3C783434F22B162C03932DEE /* Pods-VKApp.debug.xcconfig */,
				833DAFA2EEB67C3B660D2443 /* Pods-VKApp.release.xcconfig */,
			);
			path = Pods;
			sourceTree = "<group>";
		};
		AD04DFC823E0AA1B0011471D = {
			isa = PBXGroup;
			children = (
				AD04DFD323E0AA1B0011471D /* VKApp */,
				AD04DFD223E0AA1B0011471D /* Products */,
				3CE9A0679985424B35447359 /* Pods */,
				E75580F08CBA4F0535215F8B /* Frameworks */,
			);
			sourceTree = "<group>";
		};
		AD04DFD223E0AA1B0011471D /* Products */ = {
			isa = PBXGroup;
			children = (
				AD04DFD123E0AA1B0011471D /* VKApp.app */,
			);
			name = Products;
			sourceTree = "<group>";
		};
		AD04DFD323E0AA1B0011471D /* VKApp */ = {
			isa = PBXGroup;
			children = (
				AD04DFD423E0AA1B0011471D /* AppDelegate.swift */,
				AD04DFEA23E0B2B80011471D /* LoginViewController.swift */,
				AD04DFD823E0AA1B0011471D /* Main.storyboard */,
				AD04DFDB23E0AA1C0011471D /* Assets.xcassets */,
				AD04DFDD23E0AA1C0011471D /* LaunchScreen.storyboard */,
				AD04DFE023E0AA1C0011471D /* Info.plist */,
				AD04DFEE23E0D3120011471D /* ProfileViewController.swift */,
				AD04DFF023E0D3380011471D /* NewsViewController.swift */,
				AD04DFF223E1F74F0011471D /* TabBarController.swift */,
				AD04DFF423E2191C0011471D /* Article.swift */,
				AD04DFF623E21D860011471D /* DataProvider.swift */,
			);
			path = VKApp;
			sourceTree = "<group>";
		};
		E75580F08CBA4F0535215F8B /* Frameworks */ = {
			isa = PBXGroup;
			children = (
				15D461524CDF0C1FAF6D6AA3 /* Pods_VKApp.framework */,
			);
			name = Frameworks;
			sourceTree = "<group>";
		};
/* End PBXGroup section */

/* Begin PBXNativeTarget section */
		AD04DFD023E0AA1B0011471D /* VKApp */ = {
			isa = PBXNativeTarget;
			buildConfigurationList = AD04DFE323E0AA1C0011471D /* Build configuration list for PBXNativeTarget "VKApp" */;
			buildPhases = (
				4982351FAFE6F5B765B76649 /* [CP] Check Pods Manifest.lock */,
				AD04DFCD23E0AA1B0011471D /* Sources */,
				AD04DFCE23E0AA1B0011471D /* Frameworks */,
				AD04DFCF23E0AA1B0011471D /* Resources */,
				EEF5E262F7138F0007AFB080 /* [CP] Embed Pods Frameworks */,
			);
			buildRules = (
			);
			dependencies = (
			);
			name = VKApp;
			productName = VKApp;
			productReference = AD04DFD123E0AA1B0011471D /* VKApp.app */;
			productType = "com.apple.product-type.application";
		};
/* End PBXNativeTarget section */

/* Begin PBXProject section */
		AD04DFC923E0AA1B0011471D /* Project object */ = {
			isa = PBXProject;
			attributes = {
				LastSwiftUpdateCheck = 1030;
				LastUpgradeCheck = 1030;
				ORGANIZATIONNAME = "Ольга Бычок";
				TargetAttributes = {
					AD04DFD023E0AA1B0011471D = {
						CreatedOnToolsVersion = 10.3;
					};
				};
			};
			buildConfigurationList = AD04DFCC23E0AA1B0011471D /* Build configuration list for PBXProject "VKApp" */;
			compatibilityVersion = "Xcode 9.3";
			developmentRegion = en;
			hasScannedForEncodings = 0;
			knownRegions = (
				en,
				Base,
			);
			mainGroup = AD04DFC823E0AA1B0011471D;
			productRefGroup = AD04DFD223E0AA1B0011471D /* Products */;
			projectDirPath = "";
			projectRoot = "";
			targets = (
				AD04DFD023E0AA1B0011471D /* VKApp */,
			);
		};
/* End PBXProject section */

/* Begin PBXResourcesBuildPhase section */
		AD04DFCF23E0AA1B0011471D /* Resources */ = {
			isa = PBXResourcesBuildPhase;
			buildActionMask = 2147483647;
			files = (
				AD04DFDF23E0AA1C0011471D /* LaunchScreen.storyboard in Resources */,
				AD04DFDC23E0AA1C0011471D /* Assets.xcassets in Resources */,
				AD04DFDA23E0AA1B0011471D /* Main.storyboard in Resources */,
			);
			runOnlyForDeploymentPostprocessing = 0;
		};
/* End PBXResourcesBuildPhase section */

/* Begin PBXShellScriptBuildPhase section */
		4982351FAFE6F5B765B76649 /* [CP] Check Pods Manifest.lock */ = {
			isa = PBXShellScriptBuildPhase;
			buildActionMask = 2147483647;
			files = (
			);
			inputFileListPaths = (
			);
			inputPaths = (
				"${PODS_PODFILE_DIR_PATH}/Podfile.lock",
				"${PODS_ROOT}/Manifest.lock",
			);
			name = "[CP] Check Pods Manifest.lock";
			outputFileListPaths = (
			);
			outputPaths = (
				"$(DERIVED_FILE_DIR)/Pods-VKApp-checkManifestLockResult.txt",
			);
			runOnlyForDeploymentPostprocessing = 0;
			shellPath = /bin/sh;
			shellScript = "diff \"${PODS_PODFILE_DIR_PATH}/Podfile.lock\" \"${PODS_ROOT}/Manifest.lock\" > /dev/null\nif [ $? != 0 ] ; then\n    # print error to STDERR\n    echo \"error: The sandbox is not in sync with the Podfile.lock. Run 'pod install' or update your CocoaPods installation.\" >&2\n    exit 1\nfi\n# This output is used by Xcode 'outputs' to avoid re-running this script phase.\necho \"SUCCESS\" > \"${SCRIPT_OUTPUT_FILE_0}\"\n";
			showEnvVarsInLog = 0;
		};
		EEF5E262F7138F0007AFB080 /* [CP] Embed Pods Frameworks */ = {
			isa = PBXShellScriptBuildPhase;
			buildActionMask = 2147483647;
			files = (
			);
			inputFileListPaths = (
				"${PODS_ROOT}/Target Support Files/Pods-VKApp/Pods-VKApp-frameworks-${CONFIGURATION}-input-files.xcfilelist",
			);
			name = "[CP] Embed Pods Frameworks";
			outputFileListPaths = (
				"${PODS_ROOT}/Target Support Files/Pods-VKApp/Pods-VKApp-frameworks-${CONFIGURATION}-output-files.xcfilelist",
			);
			runOnlyForDeploymentPostprocessing = 0;
			shellPath = /bin/sh;
			shellScript = "\"${PODS_ROOT}/Target Support Files/Pods-VKApp/Pods-VKApp-frameworks.sh\"\n";
			showEnvVarsInLog = 0;
		};
/* End PBXShellScriptBuildPhase section */

/* Begin PBXSourcesBuildPhase section */
		AD04DFCD23E0AA1B0011471D /* Sources */ = {
			isa = PBXSourcesBuildPhase;
			buildActionMask = 2147483647;
			files = (
				AD04DFEB23E0B2B80011471D /* LoginViewController.swift in Sources */,
				AD04DFEF23E0D3130011471D /* ProfileViewController.swift in Sources */,
				AD04DFF523E2191C0011471D /* Article.swift in Sources */,
				AD04DFF723E21D860011471D /* DataProvider.swift in Sources */,
				AD04DFD523E0AA1B0011471D /* AppDelegate.swift in Sources */,
				AD04DFF323E1F74F0011471D /* TabBarController.swift in Sources */,
				AD04DFF123E0D3380011471D /* NewsViewController.swift in Sources */,
			);
			runOnlyForDeploymentPostprocessing = 0;
		};
/* End PBXSourcesBuildPhase section */

/* Begin PBXVariantGroup section */
		AD04DFD823E0AA1B0011471D /* Main.storyboard */ = {
			isa = PBXVariantGroup;
			children = (
				AD04DFD923E0AA1B0011471D /* Base */,
			);
			name = Main.storyboard;
			sourceTree = "<group>";
		};
		AD04DFDD23E0AA1C0011471D /* LaunchScreen.storyboard */ = {
			isa = PBXVariantGroup;
			children = (
				AD04DFDE23E0AA1C0011471D /* Base */,
			);
			name = LaunchScreen.storyboard;
			sourceTree = "<group>";
		};
/* End PBXVariantGroup section */

/* Begin XCBuildConfiguration section */
		AD04DFE123E0AA1C0011471D /* Debug */ = {
			isa = XCBuildConfiguration;
			buildSettings = {
				ALWAYS_SEARCH_USER_PATHS = NO;
				CLANG_ANALYZER_NONNULL = YES;
				CLANG_ANALYZER_NUMBER_OBJECT_CONVERSION = YES_AGGRESSIVE;
				CLANG_CXX_LANGUAGE_STANDARD = "gnu++14";
				CLANG_CXX_LIBRARY = "libc++";
				CLANG_ENABLE_MODULES = YES;
				CLANG_ENABLE_OBJC_ARC = YES;
				CLANG_ENABLE_OBJC_WEAK = YES;
				CLANG_WARN_BLOCK_CAPTURE_AUTORELEASING = YES;
				CLANG_WARN_BOOL_CONVERSION = YES;
				CLANG_WARN_COMMA = YES;
				CLANG_WARN_CONSTANT_CONVERSION = YES;
				CLANG_WARN_DEPRECATED_OBJC_IMPLEMENTATIONS = YES;
				CLANG_WARN_DIRECT_OBJC_ISA_USAGE = YES_ERROR;
				CLANG_WARN_DOCUMENTATION_COMMENTS = YES;
				CLANG_WARN_EMPTY_BODY = YES;
				CLANG_WARN_ENUM_CONVERSION = YES;
				CLANG_WARN_INFINITE_RECURSION = YES;
				CLANG_WARN_INT_CONVERSION = YES;
				CLANG_WARN_NON_LITERAL_NULL_CONVERSION = YES;
				CLANG_WARN_OBJC_IMPLICIT_RETAIN_SELF = YES;
				CLANG_WARN_OBJC_LITERAL_CONVERSION = YES;
				CLANG_WARN_OBJC_ROOT_CLASS = YES_ERROR;
				CLANG_WARN_RANGE_LOOP_ANALYSIS = YES;
				CLANG_WARN_STRICT_PROTOTYPES = YES;
				CLANG_WARN_SUSPICIOUS_MOVE = YES;
				CLANG_WARN_UNGUARDED_AVAILABILITY = YES_AGGRESSIVE;
				CLANG_WARN_UNREACHABLE_CODE = YES;
				CLANG_WARN__DUPLICATE_METHOD_MATCH = YES;
				CODE_SIGN_IDENTITY = "iPhone Developer";
				COPY_PHASE_STRIP = NO;
				DEBUG_INFORMATION_FORMAT = dwarf;
				ENABLE_STRICT_OBJC_MSGSEND = YES;
				ENABLE_TESTABILITY = YES;
				GCC_C_LANGUAGE_STANDARD = gnu11;
				GCC_DYNAMIC_NO_PIC = NO;
				GCC_NO_COMMON_BLOCKS = YES;
				GCC_OPTIMIZATION_LEVEL = 0;
				GCC_PREPROCESSOR_DEFINITIONS = (
					"DEBUG=1",
					"$(inherited)",
				);
				GCC_WARN_64_TO_32_BIT_CONVERSION = YES;
				GCC_WARN_ABOUT_RETURN_TYPE = YES_ERROR;
				GCC_WARN_UNDECLARED_SELECTOR = YES;
				GCC_WARN_UNINITIALIZED_AUTOS = YES_AGGRESSIVE;
				GCC_WARN_UNUSED_FUNCTION = YES;
				GCC_WARN_UNUSED_VARIABLE = YES;
				IPHONEOS_DEPLOYMENT_TARGET = 10.0;
				MTL_ENABLE_DEBUG_INFO = INCLUDE_SOURCE;
				MTL_FAST_MATH = YES;
				ONLY_ACTIVE_ARCH = YES;
				SDKROOT = iphoneos;
				SWIFT_ACTIVE_COMPILATION_CONDITIONS = DEBUG;
				SWIFT_OPTIMIZATION_LEVEL = "-Onone";
			};
			name = Debug;
		};
		AD04DFE223E0AA1C0011471D /* Release */ = {
			isa = XCBuildConfiguration;
			buildSettings = {
				ALWAYS_SEARCH_USER_PATHS = NO;
				CLANG_ANALYZER_NONNULL = YES;
				CLANG_ANALYZER_NUMBER_OBJECT_CONVERSION = YES_AGGRESSIVE;
				CLANG_CXX_LANGUAGE_STANDARD = "gnu++14";
				CLANG_CXX_LIBRARY = "libc++";
				CLANG_ENABLE_MODULES = YES;
				CLANG_ENABLE_OBJC_ARC = YES;
				CLANG_ENABLE_OBJC_WEAK = YES;
				CLANG_WARN_BLOCK_CAPTURE_AUTORELEASING = YES;
				CLANG_WARN_BOOL_CONVERSION = YES;
				CLANG_WARN_COMMA = YES;
				CLANG_WARN_CONSTANT_CONVERSION = YES;
				CLANG_WARN_DEPRECATED_OBJC_IMPLEMENTATIONS = YES;
				CLANG_WARN_DIRECT_OBJC_ISA_USAGE = YES_ERROR;
				CLANG_WARN_DOCUMENTATION_COMMENTS = YES;
				CLANG_WARN_EMPTY_BODY = YES;
				CLANG_WARN_ENUM_CONVERSION = YES;
				CLANG_WARN_INFINITE_RECURSION = YES;
				CLANG_WARN_INT_CONVERSION = YES;
				CLANG_WARN_NON_LITERAL_NULL_CONVERSION = YES;
				CLANG_WARN_OBJC_IMPLICIT_RETAIN_SELF = YES;
				CLANG_WARN_OBJC_LITERAL_CONVERSION = YES;
				CLANG_WARN_OBJC_ROOT_CLASS = YES_ERROR;
				CLANG_WARN_RANGE_LOOP_ANALYSIS = YES;
				CLANG_WARN_STRICT_PROTOTYPES = YES;
				CLANG_WARN_SUSPICIOUS_MOVE = YES;
				CLANG_WARN_UNGUARDED_AVAILABILITY = YES_AGGRESSIVE;
				CLANG_WARN_UNREACHABLE_CODE = YES;
				CLANG_WARN__DUPLICATE_METHOD_MATCH = YES;
				CODE_SIGN_IDENTITY = "iPhone Developer";
				COPY_PHASE_STRIP = NO;
				DEBUG_INFORMATION_FORMAT = "dwarf-with-dsym";
				ENABLE_NS_ASSERTIONS = NO;
				ENABLE_STRICT_OBJC_MSGSEND = YES;
				GCC_C_LANGUAGE_STANDARD = gnu11;
				GCC_NO_COMMON_BLOCKS = YES;
				GCC_WARN_64_TO_32_BIT_CONVERSION = YES;
				GCC_WARN_ABOUT_RETURN_TYPE = YES_ERROR;
				GCC_WARN_UNDECLARED_SELECTOR = YES;
				GCC_WARN_UNINITIALIZED_AUTOS = YES_AGGRESSIVE;
				GCC_WARN_UNUSED_FUNCTION = YES;
				GCC_WARN_UNUSED_VARIABLE = YES;
				IPHONEOS_DEPLOYMENT_TARGET = 10.0;
				MTL_ENABLE_DEBUG_INFO = NO;
				MTL_FAST_MATH = YES;
				SDKROOT = iphoneos;
				SWIFT_COMPILATION_MODE = wholemodule;
				SWIFT_OPTIMIZATION_LEVEL = "-O";
				VALIDATE_PRODUCT = YES;
			};
			name = Release;
		};
		AD04DFE423E0AA1C0011471D /* Debug */ = {
			isa = XCBuildConfiguration;
			baseConfigurationReference = 3C783434F22B162C03932DEE /* Pods-VKApp.debug.xcconfig */;
			buildSettings = {
				ASSETCATALOG_COMPILER_APPICON_NAME = AppIcon;
				CODE_SIGN_STYLE = Automatic;
				DEVELOPMENT_TEAM = 4886K9NC82;
				INFOPLIST_FILE = VKApp/Info.plist;
				IPHONEOS_DEPLOYMENT_TARGET = 10.0;
				LD_RUNPATH_SEARCH_PATHS = (
					"$(inherited)",
					"@executable_path/Frameworks",
				);
				PRODUCT_BUNDLE_IDENTIFIER = by.bychok.VKApp;
				PRODUCT_NAME = "$(TARGET_NAME)";
				SWIFT_VERSION = 5.0;
				TARGETED_DEVICE_FAMILY = "1,2";
			};
			name = Debug;
		};
		AD04DFE523E0AA1C0011471D /* Release */ = {
			isa = XCBuildConfiguration;
			baseConfigurationReference = 833DAFA2EEB67C3B660D2443 /* Pods-VKApp.release.xcconfig */;
			buildSettings = {
				ASSETCATALOG_COMPILER_APPICON_NAME = AppIcon;
				CODE_SIGN_STYLE = Automatic;
				DEVELOPMENT_TEAM = 4886K9NC82;
				INFOPLIST_FILE = VKApp/Info.plist;
				IPHONEOS_DEPLOYMENT_TARGET = 10.0;
				LD_RUNPATH_SEARCH_PATHS = (
					"$(inherited)",
					"@executable_path/Frameworks",
				);
				PRODUCT_BUNDLE_IDENTIFIER = by.bychok.VKApp;
				PRODUCT_NAME = "$(TARGET_NAME)";
				SWIFT_VERSION = 5.0;
				TARGETED_DEVICE_FAMILY = "1,2";
			};
			name = Release;
		};
/* End XCBuildConfiguration section */

/* Begin XCConfigurationList section */
		AD04DFCC23E0AA1B0011471D /* Build configuration list for PBXProject "VKApp" */ = {
			isa = XCConfigurationList;
			buildConfigurations = (
				AD04DFE123E0AA1C0011471D /* Debug */,
				AD04DFE223E0AA1C0011471D /* Release */,
			);
			defaultConfigurationIsVisible = 0;
			defaultConfigurationName = Release;
		};
		AD04DFE323E0AA1C0011471D /* Build configuration list for PBXNativeTarget "VKApp" */ = {
			isa = XCConfigurationList;
			buildConfigurations = (
				AD04DFE423E0AA1C0011471D /* Debug */,
				AD04DFE523E0AA1C0011471D /* Release */,
			);
			defaultConfigurationIsVisible = 0;
			defaultConfigurationName = Release;
		};
/* End XCConfigurationList section */
	};
	rootObject = AD04DFC923E0AA1B0011471D /* Project object */;
}
